// !$*UTF8*$!
{
	archiveVersion = 1;
	classes = {
	};
	objectVersion = 46;
	objects = {

/* Begin PBXBuildFile section */
		3C2412E414882D1F00D41C3D /* CLDragView.m in Sources */ = {isa = PBXBuildFile; fileRef = 3C2412E314882D1F00D41C3D /* CLDragView.m */; };
		3C26B1E9147D315C00BE8BD6 /* CLMainWindow.xib in Resources */ = {isa = PBXBuildFile; fileRef = 3C26B1E8147D315B00BE8BD6 /* CLMainWindow.xib */; };
		3C26B1F4147D374000BE8BD6 /* CLNavigationBar.m in Sources */ = {isa = PBXBuildFile; fileRef = 3C26B1F3147D374000BE8BD6 /* CLNavigationBar.m */; };
		3C26B1F7147D387E00BE8BD6 /* CLSearchBar.m in Sources */ = {isa = PBXBuildFile; fileRef = 3C26B1F6147D387E00BE8BD6 /* CLSearchBar.m */; };
		3C26B202147D46F400BE8BD6 /* pattern_navigationbar.png in Resources */ = {isa = PBXBuildFile; fileRef = 3C26B201147D46F400BE8BD6 /* pattern_navigationbar.png */; };
		3C26B206147D4A3100BE8BD6 /* CLIngredientCell.m in Sources */ = {isa = PBXBuildFile; fileRef = 3C26B205147D4A3100BE8BD6 /* CLIngredientCell.m */; };
		3C26B20A147D4A6300BE8BD6 /* CLIngredientCell.xib in Resources */ = {isa = PBXBuildFile; fileRef = 3C26B209147D4A6300BE8BD6 /* CLIngredientCell.xib */; };
		3C26B217147D6B4000BE8BD6 /* pattern_wood.png in Resources */ = {isa = PBXBuildFile; fileRef = 3C26B216147D6B4000BE8BD6 /* pattern_wood.png */; };
		3C34FF6814615502003D2644 /* UIKit.framework in Frameworks */ = {isa = PBXBuildFile; fileRef = 3C34FF6714615502003D2644 /* UIKit.framework */; };
		3C34FF6A14615502003D2644 /* Foundation.framework in Frameworks */ = {isa = PBXBuildFile; fileRef = 3C34FF6914615502003D2644 /* Foundation.framework */; };
		3C34FF6C14615502003D2644 /* CoreGraphics.framework in Frameworks */ = {isa = PBXBuildFile; fileRef = 3C34FF6B14615502003D2644 /* CoreGraphics.framework */; };
		3C34FF6E14615502003D2644 /* CoreData.framework in Frameworks */ = {isa = PBXBuildFile; fileRef = 3C34FF6D14615502003D2644 /* CoreData.framework */; };
		3C34FF7414615502003D2644 /* InfoPlist.strings in Resources */ = {isa = PBXBuildFile; fileRef = 3C34FF7214615502003D2644 /* InfoPlist.strings */; };
		3C34FF7614615502003D2644 /* main.m in Sources */ = {isa = PBXBuildFile; fileRef = 3C34FF7514615502003D2644 /* main.m */; };
		3C34FF7A14615502003D2644 /* CLAppDelegate.m in Sources */ = {isa = PBXBuildFile; fileRef = 3C34FF7914615502003D2644 /* CLAppDelegate.m */; };
		3C34FF7D14615502003D2644 /* Cookielicious.xcdatamodeld in Sources */ = {isa = PBXBuildFile; fileRef = 3C34FF7B14615502003D2644 /* Cookielicious.xcdatamodeld */; };
		3C34FF8514615502003D2644 /* SenTestingKit.framework in Frameworks */ = {isa = PBXBuildFile; fileRef = 3C34FF8414615502003D2644 /* SenTestingKit.framework */; };
		3C34FF8614615502003D2644 /* UIKit.framework in Frameworks */ = {isa = PBXBuildFile; fileRef = 3C34FF6714615502003D2644 /* UIKit.framework */; };
		3C34FF8714615502003D2644 /* Foundation.framework in Frameworks */ = {isa = PBXBuildFile; fileRef = 3C34FF6914615502003D2644 /* Foundation.framework */; };
		3C34FF8814615502003D2644 /* CoreData.framework in Frameworks */ = {isa = PBXBuildFile; fileRef = 3C34FF6D14615502003D2644 /* CoreData.framework */; };
		3C34FF9014615502003D2644 /* InfoPlist.strings in Resources */ = {isa = PBXBuildFile; fileRef = 3C34FF8E14615502003D2644 /* InfoPlist.strings */; };
		3C34FF9314615502003D2644 /* CookieliciousTests.m in Sources */ = {isa = PBXBuildFile; fileRef = 3C34FF9214615502003D2644 /* CookieliciousTests.m */; };
		3C5EC448146ADFFE00E8970A /* CLMainViewController.m in Sources */ = {isa = PBXBuildFile; fileRef = 3C5EC446146ADFFE00E8970A /* CLMainViewController.m */; };
		3C5EC449146ADFFE00E8970A /* CLMainViewController.xib in Resources */ = {isa = PBXBuildFile; fileRef = 3C5EC447146ADFFE00E8970A /* CLMainViewController.xib */; };
		3CC4DF961487DA5500DD83BB /* CLIngredient.m in Sources */ = {isa = PBXBuildFile; fileRef = 3CC4DF951487DA5500DD83BB /* CLIngredient.m */; };
		3CC9CA1A148D648200F99EF2 /* icon_checkmark.png in Resources */ = {isa = PBXBuildFile; fileRef = 3CC9CA19148D648200F99EF2 /* icon_checkmark.png */; };
		3CC9CA1D148D6A2D00F99EF2 /* cuttingboard.png in Resources */ = {isa = PBXBuildFile; fileRef = 3CC9CA1C148D6A2D00F99EF2 /* cuttingboard.png */; };
		3CF56D33148A41A600B3BBF1 /* CLDragView.xib in Resources */ = {isa = PBXBuildFile; fileRef = 3CF56D32148A41A600B3BBF1 /* CLDragView.xib */; };
		3CF56D36148A428400B3BBF1 /* icon_cancel.png in Resources */ = {isa = PBXBuildFile; fileRef = 3CF56D35148A428400B3BBF1 /* icon_cancel.png */; };
		3CF56D39148A457F00B3BBF1 /* icon_bag.png in Resources */ = {isa = PBXBuildFile; fileRef = 3CF56D38148A457F00B3BBF1 /* icon_bag.png */; };
		3CF56D3D148A5FD600B3BBF1 /* CLSelectedIngredientsController.m in Sources */ = {isa = PBXBuildFile; fileRef = 3CF56D3B148A5FD500B3BBF1 /* CLSelectedIngredientsController.m */; };
		3CF56D3E148A5FD600B3BBF1 /* CLSelectedIngredientsController.xib in Resources */ = {isa = PBXBuildFile; fileRef = 3CF56D3C148A5FD500B3BBF1 /* CLSelectedIngredientsController.xib */; };
		3CFEB2C314615F4F00DCD93D /* ASIAuthenticationDialog.m in Sources */ = {isa = PBXBuildFile; fileRef = 3CFEB27214615F4E00DCD93D /* ASIAuthenticationDialog.m */; settings = {COMPILER_FLAGS = "-fno-objc-arc"; }; };
		3CFEB2C414615F4F00DCD93D /* ASIDataCompressor.m in Sources */ = {isa = PBXBuildFile; fileRef = 3CFEB27514615F4E00DCD93D /* ASIDataCompressor.m */; settings = {COMPILER_FLAGS = "-fno-objc-arc"; }; };
		3CFEB2C514615F4F00DCD93D /* ASIDataDecompressor.m in Sources */ = {isa = PBXBuildFile; fileRef = 3CFEB27714615F4E00DCD93D /* ASIDataDecompressor.m */; settings = {COMPILER_FLAGS = "-fno-objc-arc"; }; };
		3CFEB2C614615F4F00DCD93D /* ASIDownloadCache.m in Sources */ = {isa = PBXBuildFile; fileRef = 3CFEB27914615F4E00DCD93D /* ASIDownloadCache.m */; settings = {COMPILER_FLAGS = "-fno-objc-arc"; }; };
		3CFEB2C714615F4F00DCD93D /* ASIFormDataRequest.m in Sources */ = {isa = PBXBuildFile; fileRef = 3CFEB27B14615F4E00DCD93D /* ASIFormDataRequest.m */; settings = {COMPILER_FLAGS = "-fno-objc-arc"; }; };
		3CFEB2C814615F4F00DCD93D /* ASIHTTPRequest.m in Sources */ = {isa = PBXBuildFile; fileRef = 3CFEB27D14615F4E00DCD93D /* ASIHTTPRequest.m */; settings = {COMPILER_FLAGS = "-fno-objc-arc"; }; };
		3CFEB2C914615F4F00DCD93D /* ASIInputStream.m in Sources */ = {isa = PBXBuildFile; fileRef = 3CFEB28114615F4E00DCD93D /* ASIInputStream.m */; settings = {COMPILER_FLAGS = "-fno-objc-arc"; }; };
		3CFEB2CA14615F4F00DCD93D /* ASINetworkQueue.m in Sources */ = {isa = PBXBuildFile; fileRef = 3CFEB28314615F4E00DCD93D /* ASINetworkQueue.m */; settings = {COMPILER_FLAGS = "-fno-objc-arc"; }; };
		3CFEB30214615F7400DCD93D /* NSObject+SBJson.m in Sources */ = {isa = PBXBuildFile; fileRef = 3CFEB2EA14615F7400DCD93D /* NSObject+SBJson.m */; };
		3CFEB30314615F7400DCD93D /* SBJsonParser.m in Sources */ = {isa = PBXBuildFile; fileRef = 3CFEB2ED14615F7400DCD93D /* SBJsonParser.m */; };
		3CFEB30414615F7400DCD93D /* SBJsonStreamParser.m in Sources */ = {isa = PBXBuildFile; fileRef = 3CFEB2EF14615F7400DCD93D /* SBJsonStreamParser.m */; };
		3CFEB30514615F7400DCD93D /* SBJsonStreamParserAccumulator.m in Sources */ = {isa = PBXBuildFile; fileRef = 3CFEB2F114615F7400DCD93D /* SBJsonStreamParserAccumulator.m */; };
		3CFEB30614615F7400DCD93D /* SBJsonStreamParserAdapter.m in Sources */ = {isa = PBXBuildFile; fileRef = 3CFEB2F314615F7400DCD93D /* SBJsonStreamParserAdapter.m */; };
		3CFEB30714615F7400DCD93D /* SBJsonStreamParserState.m in Sources */ = {isa = PBXBuildFile; fileRef = 3CFEB2F514615F7400DCD93D /* SBJsonStreamParserState.m */; };
		3CFEB30814615F7400DCD93D /* SBJsonStreamWriter.m in Sources */ = {isa = PBXBuildFile; fileRef = 3CFEB2F714615F7400DCD93D /* SBJsonStreamWriter.m */; };
		3CFEB30914615F7400DCD93D /* SBJsonStreamWriterAccumulator.m in Sources */ = {isa = PBXBuildFile; fileRef = 3CFEB2F914615F7400DCD93D /* SBJsonStreamWriterAccumulator.m */; };
		3CFEB30A14615F7400DCD93D /* SBJsonStreamWriterState.m in Sources */ = {isa = PBXBuildFile; fileRef = 3CFEB2FB14615F7400DCD93D /* SBJsonStreamWriterState.m */; };
		3CFEB30B14615F7400DCD93D /* SBJsonTokeniser.m in Sources */ = {isa = PBXBuildFile; fileRef = 3CFEB2FD14615F7400DCD93D /* SBJsonTokeniser.m */; };
		3CFEB30C14615F7400DCD93D /* SBJsonUTF8Stream.m in Sources */ = {isa = PBXBuildFile; fileRef = 3CFEB2FF14615F7400DCD93D /* SBJsonUTF8Stream.m */; };
		3CFEB30D14615F7400DCD93D /* SBJsonWriter.m in Sources */ = {isa = PBXBuildFile; fileRef = 3CFEB30114615F7400DCD93D /* SBJsonWriter.m */; };
		3CFEB30F14615FC600DCD93D /* CFNetwork.framework in Frameworks */ = {isa = PBXBuildFile; fileRef = 3CFEB30E14615FC600DCD93D /* CFNetwork.framework */; };
		3CFEB31114615FD700DCD93D /* SystemConfiguration.framework in Frameworks */ = {isa = PBXBuildFile; fileRef = 3CFEB31014615FD700DCD93D /* SystemConfiguration.framework */; };
		3CFEB31314615FE100DCD93D /* MobileCoreServices.framework in Frameworks */ = {isa = PBXBuildFile; fileRef = 3CFEB31214615FE100DCD93D /* MobileCoreServices.framework */; };
		3CFEB3151461601A00DCD93D /* libz.1.2.5.dylib in Frameworks */ = {isa = PBXBuildFile; fileRef = 3CFEB3141461601A00DCD93D /* libz.1.2.5.dylib */; };
		3CFEB3181461625B00DCD93D /* Reachability.m in Sources */ = {isa = PBXBuildFile; fileRef = 3CFEB3171461625B00DCD93D /* Reachability.m */; settings = {COMPILER_FLAGS = "-fno-objc-arc"; }; };
		5CB10C6D148FA15F0025EBA3 /* CLResultRecipesController.m in Sources */ = {isa = PBXBuildFile; fileRef = 5CB10C6B148FA15F0025EBA3 /* CLResultRecipesController.m */; };
		5CB10C6E148FA15F0025EBA3 /* CLResultRecipesController.xib in Resources */ = {isa = PBXBuildFile; fileRef = 5CB10C6C148FA15F0025EBA3 /* CLResultRecipesController.xib */; };
/* End PBXBuildFile section */

/* Begin PBXContainerItemProxy section */
		3C34FF8914615502003D2644 /* PBXContainerItemProxy */ = {
			isa = PBXContainerItemProxy;
			containerPortal = 3C34FF5A14615502003D2644 /* Project object */;
			proxyType = 1;
			remoteGlobalIDString = 3C34FF6214615502003D2644;
			remoteInfo = Cookielicious;
		};
/* End PBXContainerItemProxy section */

/* Begin PBXFileReference section */
		3C2412E214882D1F00D41C3D /* CLDragView.h */ = {isa = PBXFileReference; fileEncoding = 4; lastKnownFileType = sourcecode.c.h; path = CLDragView.h; sourceTree = "<group>"; };
		3C2412E314882D1F00D41C3D /* CLDragView.m */ = {isa = PBXFileReference; fileEncoding = 4; lastKnownFileType = sourcecode.c.objc; path = CLDragView.m; sourceTree = "<group>"; };
		3C26B1E8147D315B00BE8BD6 /* CLMainWindow.xib */ = {isa = PBXFileReference; fileEncoding = 4; lastKnownFileType = file.xib; path = CLMainWindow.xib; sourceTree = "<group>"; };
		3C26B1F2147D374000BE8BD6 /* CLNavigationBar.h */ = {isa = PBXFileReference; fileEncoding = 4; lastKnownFileType = sourcecode.c.h; path = CLNavigationBar.h; sourceTree = "<group>"; };
		3C26B1F3147D374000BE8BD6 /* CLNavigationBar.m */ = {isa = PBXFileReference; fileEncoding = 4; lastKnownFileType = sourcecode.c.objc; path = CLNavigationBar.m; sourceTree = "<group>"; };
		3C26B1F5147D387E00BE8BD6 /* CLSearchBar.h */ = {isa = PBXFileReference; fileEncoding = 4; lastKnownFileType = sourcecode.c.h; path = CLSearchBar.h; sourceTree = "<group>"; };
		3C26B1F6147D387E00BE8BD6 /* CLSearchBar.m */ = {isa = PBXFileReference; fileEncoding = 4; lastKnownFileType = sourcecode.c.objc; path = CLSearchBar.m; sourceTree = "<group>"; };
		3C26B201147D46F400BE8BD6 /* pattern_navigationbar.png */ = {isa = PBXFileReference; lastKnownFileType = image.png; path = pattern_navigationbar.png; sourceTree = "<group>"; };
		3C26B204147D4A3100BE8BD6 /* CLIngredientCell.h */ = {isa = PBXFileReference; fileEncoding = 4; lastKnownFileType = sourcecode.c.h; path = CLIngredientCell.h; sourceTree = "<group>"; };
		3C26B205147D4A3100BE8BD6 /* CLIngredientCell.m */ = {isa = PBXFileReference; fileEncoding = 4; lastKnownFileType = sourcecode.c.objc; path = CLIngredientCell.m; sourceTree = "<group>"; };
		3C26B209147D4A6300BE8BD6 /* CLIngredientCell.xib */ = {isa = PBXFileReference; fileEncoding = 4; lastKnownFileType = file.xib; path = CLIngredientCell.xib; sourceTree = "<group>"; };
		3C26B216147D6B4000BE8BD6 /* pattern_wood.png */ = {isa = PBXFileReference; lastKnownFileType = image.png; path = pattern_wood.png; sourceTree = "<group>"; };
		3C34FF6314615502003D2644 /* Cookielicious.app */ = {isa = PBXFileReference; explicitFileType = wrapper.application; includeInIndex = 0; path = Cookielicious.app; sourceTree = BUILT_PRODUCTS_DIR; };
		3C34FF6714615502003D2644 /* UIKit.framework */ = {isa = PBXFileReference; lastKnownFileType = wrapper.framework; name = UIKit.framework; path = System/Library/Frameworks/UIKit.framework; sourceTree = SDKROOT; };
		3C34FF6914615502003D2644 /* Foundation.framework */ = {isa = PBXFileReference; lastKnownFileType = wrapper.framework; name = Foundation.framework; path = System/Library/Frameworks/Foundation.framework; sourceTree = SDKROOT; };
		3C34FF6B14615502003D2644 /* CoreGraphics.framework */ = {isa = PBXFileReference; lastKnownFileType = wrapper.framework; name = CoreGraphics.framework; path = System/Library/Frameworks/CoreGraphics.framework; sourceTree = SDKROOT; };
		3C34FF6D14615502003D2644 /* CoreData.framework */ = {isa = PBXFileReference; lastKnownFileType = wrapper.framework; name = CoreData.framework; path = System/Library/Frameworks/CoreData.framework; sourceTree = SDKROOT; };
		3C34FF7114615502003D2644 /* Cookielicious-Info.plist */ = {isa = PBXFileReference; lastKnownFileType = text.plist.xml; path = "Cookielicious-Info.plist"; sourceTree = "<group>"; };
		3C34FF7314615502003D2644 /* en */ = {isa = PBXFileReference; lastKnownFileType = text.plist.strings; name = en; path = en.lproj/InfoPlist.strings; sourceTree = "<group>"; };
		3C34FF7514615502003D2644 /* main.m */ = {isa = PBXFileReference; lastKnownFileType = sourcecode.c.objc; path = main.m; sourceTree = "<group>"; };
		3C34FF7714615502003D2644 /* Cookielicious-Prefix.pch */ = {isa = PBXFileReference; lastKnownFileType = sourcecode.c.h; path = "Cookielicious-Prefix.pch"; sourceTree = "<group>"; };
		3C34FF7814615502003D2644 /* CLAppDelegate.h */ = {isa = PBXFileReference; lastKnownFileType = sourcecode.c.h; path = CLAppDelegate.h; sourceTree = "<group>"; };
		3C34FF7914615502003D2644 /* CLAppDelegate.m */ = {isa = PBXFileReference; lastKnownFileType = sourcecode.c.objc; path = CLAppDelegate.m; sourceTree = "<group>"; };
		3C34FF7C14615502003D2644 /* Cookielicious.xcdatamodel */ = {isa = PBXFileReference; lastKnownFileType = wrapper.xcdatamodel; path = Cookielicious.xcdatamodel; sourceTree = "<group>"; };
		3C34FF8314615502003D2644 /* CookieliciousTests.octest */ = {isa = PBXFileReference; explicitFileType = wrapper.cfbundle; includeInIndex = 0; path = CookieliciousTests.octest; sourceTree = BUILT_PRODUCTS_DIR; };
		3C34FF8414615502003D2644 /* SenTestingKit.framework */ = {isa = PBXFileReference; lastKnownFileType = wrapper.framework; name = SenTestingKit.framework; path = Library/Frameworks/SenTestingKit.framework; sourceTree = DEVELOPER_DIR; };
		3C34FF8D14615502003D2644 /* CookieliciousTests-Info.plist */ = {isa = PBXFileReference; lastKnownFileType = text.plist.xml; path = "CookieliciousTests-Info.plist"; sourceTree = "<group>"; };
		3C34FF8F14615502003D2644 /* en */ = {isa = PBXFileReference; lastKnownFileType = text.plist.strings; name = en; path = en.lproj/InfoPlist.strings; sourceTree = "<group>"; };
		3C34FF9114615502003D2644 /* CookieliciousTests.h */ = {isa = PBXFileReference; lastKnownFileType = sourcecode.c.h; path = CookieliciousTests.h; sourceTree = "<group>"; };
		3C34FF9214615502003D2644 /* CookieliciousTests.m */ = {isa = PBXFileReference; lastKnownFileType = sourcecode.c.objc; path = CookieliciousTests.m; sourceTree = "<group>"; };
		3C5EC445146ADFFE00E8970A /* CLMainViewController.h */ = {isa = PBXFileReference; fileEncoding = 4; lastKnownFileType = sourcecode.c.h; path = CLMainViewController.h; sourceTree = "<group>"; };
		3C5EC446146ADFFE00E8970A /* CLMainViewController.m */ = {isa = PBXFileReference; fileEncoding = 4; lastKnownFileType = sourcecode.c.objc; path = CLMainViewController.m; sourceTree = "<group>"; };
		3C5EC447146ADFFE00E8970A /* CLMainViewController.xib */ = {isa = PBXFileReference; fileEncoding = 4; lastKnownFileType = file.xib; path = CLMainViewController.xib; sourceTree = "<group>"; };
		3CC4DF941487DA5500DD83BB /* CLIngredient.h */ = {isa = PBXFileReference; fileEncoding = 4; lastKnownFileType = sourcecode.c.h; path = CLIngredient.h; sourceTree = "<group>"; };
		3CC4DF951487DA5500DD83BB /* CLIngredient.m */ = {isa = PBXFileReference; fileEncoding = 4; lastKnownFileType = sourcecode.c.objc; path = CLIngredient.m; sourceTree = "<group>"; };
		3CC9CA19148D648200F99EF2 /* icon_checkmark.png */ = {isa = PBXFileReference; lastKnownFileType = image.png; path = icon_checkmark.png; sourceTree = "<group>"; };
		3CC9CA1C148D6A2D00F99EF2 /* cuttingboard.png */ = {isa = PBXFileReference; lastKnownFileType = image.png; path = cuttingboard.png; sourceTree = "<group>"; };
		3CF56D32148A41A600B3BBF1 /* CLDragView.xib */ = {isa = PBXFileReference; fileEncoding = 4; lastKnownFileType = file.xib; path = CLDragView.xib; sourceTree = "<group>"; };
		3CF56D35148A428400B3BBF1 /* icon_cancel.png */ = {isa = PBXFileReference; lastKnownFileType = image.png; path = icon_cancel.png; sourceTree = "<group>"; };
		3CF56D37148A443D00B3BBF1 /* CLDragViewDelegate.h */ = {isa = PBXFileReference; fileEncoding = 4; lastKnownFileType = sourcecode.c.h; path = CLDragViewDelegate.h; sourceTree = "<group>"; };
		3CF56D38148A457F00B3BBF1 /* icon_bag.png */ = {isa = PBXFileReference; lastKnownFileType = image.png; path = icon_bag.png; sourceTree = "<group>"; };
		3CF56D3A148A5FD500B3BBF1 /* CLSelectedIngredientsController.h */ = {isa = PBXFileReference; fileEncoding = 4; lastKnownFileType = sourcecode.c.h; path = CLSelectedIngredientsController.h; sourceTree = "<group>"; };
		3CF56D3B148A5FD500B3BBF1 /* CLSelectedIngredientsController.m */ = {isa = PBXFileReference; fileEncoding = 4; lastKnownFileType = sourcecode.c.objc; path = CLSelectedIngredientsController.m; sourceTree = "<group>"; };
		3CF56D3C148A5FD500B3BBF1 /* CLSelectedIngredientsController.xib */ = {isa = PBXFileReference; fileEncoding = 4; lastKnownFileType = file.xib; path = CLSelectedIngredientsController.xib; sourceTree = "<group>"; };
		3CFEB27114615F4E00DCD93D /* ASIAuthenticationDialog.h */ = {isa = PBXFileReference; fileEncoding = 4; lastKnownFileType = sourcecode.c.h; path = ASIAuthenticationDialog.h; sourceTree = "<group>"; };
		3CFEB27214615F4E00DCD93D /* ASIAuthenticationDialog.m */ = {isa = PBXFileReference; fileEncoding = 4; lastKnownFileType = sourcecode.c.objc; path = ASIAuthenticationDialog.m; sourceTree = "<group>"; };
		3CFEB27314615F4E00DCD93D /* ASICacheDelegate.h */ = {isa = PBXFileReference; fileEncoding = 4; lastKnownFileType = sourcecode.c.h; path = ASICacheDelegate.h; sourceTree = "<group>"; };
		3CFEB27414615F4E00DCD93D /* ASIDataCompressor.h */ = {isa = PBXFileReference; fileEncoding = 4; lastKnownFileType = sourcecode.c.h; path = ASIDataCompressor.h; sourceTree = "<group>"; };
		3CFEB27514615F4E00DCD93D /* ASIDataCompressor.m */ = {isa = PBXFileReference; fileEncoding = 4; lastKnownFileType = sourcecode.c.objc; path = ASIDataCompressor.m; sourceTree = "<group>"; };
		3CFEB27614615F4E00DCD93D /* ASIDataDecompressor.h */ = {isa = PBXFileReference; fileEncoding = 4; lastKnownFileType = sourcecode.c.h; path = ASIDataDecompressor.h; sourceTree = "<group>"; };
		3CFEB27714615F4E00DCD93D /* ASIDataDecompressor.m */ = {isa = PBXFileReference; fileEncoding = 4; lastKnownFileType = sourcecode.c.objc; path = ASIDataDecompressor.m; sourceTree = "<group>"; };
		3CFEB27814615F4E00DCD93D /* ASIDownloadCache.h */ = {isa = PBXFileReference; fileEncoding = 4; lastKnownFileType = sourcecode.c.h; path = ASIDownloadCache.h; sourceTree = "<group>"; };
		3CFEB27914615F4E00DCD93D /* ASIDownloadCache.m */ = {isa = PBXFileReference; fileEncoding = 4; lastKnownFileType = sourcecode.c.objc; path = ASIDownloadCache.m; sourceTree = "<group>"; };
		3CFEB27A14615F4E00DCD93D /* ASIFormDataRequest.h */ = {isa = PBXFileReference; fileEncoding = 4; lastKnownFileType = sourcecode.c.h; path = ASIFormDataRequest.h; sourceTree = "<group>"; };
		3CFEB27B14615F4E00DCD93D /* ASIFormDataRequest.m */ = {isa = PBXFileReference; fileEncoding = 4; lastKnownFileType = sourcecode.c.objc; path = ASIFormDataRequest.m; sourceTree = "<group>"; };
		3CFEB27C14615F4E00DCD93D /* ASIHTTPRequest.h */ = {isa = PBXFileReference; fileEncoding = 4; lastKnownFileType = sourcecode.c.h; path = ASIHTTPRequest.h; sourceTree = "<group>"; };
		3CFEB27D14615F4E00DCD93D /* ASIHTTPRequest.m */ = {isa = PBXFileReference; fileEncoding = 4; lastKnownFileType = sourcecode.c.objc; path = ASIHTTPRequest.m; sourceTree = "<group>"; };
		3CFEB27E14615F4E00DCD93D /* ASIHTTPRequestConfig.h */ = {isa = PBXFileReference; fileEncoding = 4; lastKnownFileType = sourcecode.c.h; path = ASIHTTPRequestConfig.h; sourceTree = "<group>"; };
		3CFEB27F14615F4E00DCD93D /* ASIHTTPRequestDelegate.h */ = {isa = PBXFileReference; fileEncoding = 4; lastKnownFileType = sourcecode.c.h; path = ASIHTTPRequestDelegate.h; sourceTree = "<group>"; };
		3CFEB28014615F4E00DCD93D /* ASIInputStream.h */ = {isa = PBXFileReference; fileEncoding = 4; lastKnownFileType = sourcecode.c.h; path = ASIInputStream.h; sourceTree = "<group>"; };
		3CFEB28114615F4E00DCD93D /* ASIInputStream.m */ = {isa = PBXFileReference; fileEncoding = 4; lastKnownFileType = sourcecode.c.objc; path = ASIInputStream.m; sourceTree = "<group>"; };
		3CFEB28214615F4E00DCD93D /* ASINetworkQueue.h */ = {isa = PBXFileReference; fileEncoding = 4; lastKnownFileType = sourcecode.c.h; path = ASINetworkQueue.h; sourceTree = "<group>"; };
		3CFEB28314615F4E00DCD93D /* ASINetworkQueue.m */ = {isa = PBXFileReference; fileEncoding = 4; lastKnownFileType = sourcecode.c.objc; path = ASINetworkQueue.m; sourceTree = "<group>"; };
		3CFEB28414615F4E00DCD93D /* ASIProgressDelegate.h */ = {isa = PBXFileReference; fileEncoding = 4; lastKnownFileType = sourcecode.c.h; path = ASIProgressDelegate.h; sourceTree = "<group>"; };
		3CFEB2E914615F7400DCD93D /* NSObject+SBJson.h */ = {isa = PBXFileReference; fileEncoding = 4; lastKnownFileType = sourcecode.c.h; path = "NSObject+SBJson.h"; sourceTree = "<group>"; };
		3CFEB2EA14615F7400DCD93D /* NSObject+SBJson.m */ = {isa = PBXFileReference; fileEncoding = 4; lastKnownFileType = sourcecode.c.objc; path = "NSObject+SBJson.m"; sourceTree = "<group>"; };
		3CFEB2EB14615F7400DCD93D /* SBJson.h */ = {isa = PBXFileReference; fileEncoding = 4; lastKnownFileType = sourcecode.c.h; path = SBJson.h; sourceTree = "<group>"; };
		3CFEB2EC14615F7400DCD93D /* SBJsonParser.h */ = {isa = PBXFileReference; fileEncoding = 4; lastKnownFileType = sourcecode.c.h; path = SBJsonParser.h; sourceTree = "<group>"; };
		3CFEB2ED14615F7400DCD93D /* SBJsonParser.m */ = {isa = PBXFileReference; fileEncoding = 4; lastKnownFileType = sourcecode.c.objc; path = SBJsonParser.m; sourceTree = "<group>"; };
		3CFEB2EE14615F7400DCD93D /* SBJsonStreamParser.h */ = {isa = PBXFileReference; fileEncoding = 4; lastKnownFileType = sourcecode.c.h; path = SBJsonStreamParser.h; sourceTree = "<group>"; };
		3CFEB2EF14615F7400DCD93D /* SBJsonStreamParser.m */ = {isa = PBXFileReference; fileEncoding = 4; lastKnownFileType = sourcecode.c.objc; path = SBJsonStreamParser.m; sourceTree = "<group>"; };
		3CFEB2F014615F7400DCD93D /* SBJsonStreamParserAccumulator.h */ = {isa = PBXFileReference; fileEncoding = 4; lastKnownFileType = sourcecode.c.h; path = SBJsonStreamParserAccumulator.h; sourceTree = "<group>"; };
		3CFEB2F114615F7400DCD93D /* SBJsonStreamParserAccumulator.m */ = {isa = PBXFileReference; fileEncoding = 4; lastKnownFileType = sourcecode.c.objc; path = SBJsonStreamParserAccumulator.m; sourceTree = "<group>"; };
		3CFEB2F214615F7400DCD93D /* SBJsonStreamParserAdapter.h */ = {isa = PBXFileReference; fileEncoding = 4; lastKnownFileType = sourcecode.c.h; path = SBJsonStreamParserAdapter.h; sourceTree = "<group>"; };
		3CFEB2F314615F7400DCD93D /* SBJsonStreamParserAdapter.m */ = {isa = PBXFileReference; fileEncoding = 4; lastKnownFileType = sourcecode.c.objc; path = SBJsonStreamParserAdapter.m; sourceTree = "<group>"; };
		3CFEB2F414615F7400DCD93D /* SBJsonStreamParserState.h */ = {isa = PBXFileReference; fileEncoding = 4; lastKnownFileType = sourcecode.c.h; path = SBJsonStreamParserState.h; sourceTree = "<group>"; };
		3CFEB2F514615F7400DCD93D /* SBJsonStreamParserState.m */ = {isa = PBXFileReference; fileEncoding = 4; lastKnownFileType = sourcecode.c.objc; path = SBJsonStreamParserState.m; sourceTree = "<group>"; };
		3CFEB2F614615F7400DCD93D /* SBJsonStreamWriter.h */ = {isa = PBXFileReference; fileEncoding = 4; lastKnownFileType = sourcecode.c.h; path = SBJsonStreamWriter.h; sourceTree = "<group>"; };
		3CFEB2F714615F7400DCD93D /* SBJsonStreamWriter.m */ = {isa = PBXFileReference; fileEncoding = 4; lastKnownFileType = sourcecode.c.objc; path = SBJsonStreamWriter.m; sourceTree = "<group>"; };
		3CFEB2F814615F7400DCD93D /* SBJsonStreamWriterAccumulator.h */ = {isa = PBXFileReference; fileEncoding = 4; lastKnownFileType = sourcecode.c.h; path = SBJsonStreamWriterAccumulator.h; sourceTree = "<group>"; };
		3CFEB2F914615F7400DCD93D /* SBJsonStreamWriterAccumulator.m */ = {isa = PBXFileReference; fileEncoding = 4; lastKnownFileType = sourcecode.c.objc; path = SBJsonStreamWriterAccumulator.m; sourceTree = "<group>"; };
		3CFEB2FA14615F7400DCD93D /* SBJsonStreamWriterState.h */ = {isa = PBXFileReference; fileEncoding = 4; lastKnownFileType = sourcecode.c.h; path = SBJsonStreamWriterState.h; sourceTree = "<group>"; };
		3CFEB2FB14615F7400DCD93D /* SBJsonStreamWriterState.m */ = {isa = PBXFileReference; fileEncoding = 4; lastKnownFileType = sourcecode.c.objc; path = SBJsonStreamWriterState.m; sourceTree = "<group>"; };
		3CFEB2FC14615F7400DCD93D /* SBJsonTokeniser.h */ = {isa = PBXFileReference; fileEncoding = 4; lastKnownFileType = sourcecode.c.h; path = SBJsonTokeniser.h; sourceTree = "<group>"; };
		3CFEB2FD14615F7400DCD93D /* SBJsonTokeniser.m */ = {isa = PBXFileReference; fileEncoding = 4; lastKnownFileType = sourcecode.c.objc; path = SBJsonTokeniser.m; sourceTree = "<group>"; };
		3CFEB2FE14615F7400DCD93D /* SBJsonUTF8Stream.h */ = {isa = PBXFileReference; fileEncoding = 4; lastKnownFileType = sourcecode.c.h; path = SBJsonUTF8Stream.h; sourceTree = "<group>"; };
		3CFEB2FF14615F7400DCD93D /* SBJsonUTF8Stream.m */ = {isa = PBXFileReference; fileEncoding = 4; lastKnownFileType = sourcecode.c.objc; path = SBJsonUTF8Stream.m; sourceTree = "<group>"; };
		3CFEB30014615F7400DCD93D /* SBJsonWriter.h */ = {isa = PBXFileReference; fileEncoding = 4; lastKnownFileType = sourcecode.c.h; path = SBJsonWriter.h; sourceTree = "<group>"; };
		3CFEB30114615F7400DCD93D /* SBJsonWriter.m */ = {isa = PBXFileReference; fileEncoding = 4; lastKnownFileType = sourcecode.c.objc; path = SBJsonWriter.m; sourceTree = "<group>"; };
		3CFEB30E14615FC600DCD93D /* CFNetwork.framework */ = {isa = PBXFileReference; lastKnownFileType = wrapper.framework; name = CFNetwork.framework; path = System/Library/Frameworks/CFNetwork.framework; sourceTree = SDKROOT; };
		3CFEB31014615FD700DCD93D /* SystemConfiguration.framework */ = {isa = PBXFileReference; lastKnownFileType = wrapper.framework; name = SystemConfiguration.framework; path = System/Library/Frameworks/SystemConfiguration.framework; sourceTree = SDKROOT; };
		3CFEB31214615FE100DCD93D /* MobileCoreServices.framework */ = {isa = PBXFileReference; lastKnownFileType = wrapper.framework; name = MobileCoreServices.framework; path = System/Library/Frameworks/MobileCoreServices.framework; sourceTree = SDKROOT; };
		3CFEB3141461601A00DCD93D /* libz.1.2.5.dylib */ = {isa = PBXFileReference; lastKnownFileType = "compiled.mach-o.dylib"; name = libz.1.2.5.dylib; path = usr/lib/libz.1.2.5.dylib; sourceTree = SDKROOT; };
		3CFEB3161461625B00DCD93D /* Reachability.h */ = {isa = PBXFileReference; fileEncoding = 4; lastKnownFileType = sourcecode.c.h; path = Reachability.h; sourceTree = "<group>"; };
		3CFEB3171461625B00DCD93D /* Reachability.m */ = {isa = PBXFileReference; fileEncoding = 4; lastKnownFileType = sourcecode.c.objc; path = Reachability.m; sourceTree = "<group>"; };
		5CB10C6A148FA15F0025EBA3 /* CLResultRecipesController.h */ = {isa = PBXFileReference; fileEncoding = 4; lastKnownFileType = sourcecode.c.h; path = CLResultRecipesController.h; sourceTree = "<group>"; };
		5CB10C6B148FA15F0025EBA3 /* CLResultRecipesController.m */ = {isa = PBXFileReference; fileEncoding = 4; lastKnownFileType = sourcecode.c.objc; path = CLResultRecipesController.m; sourceTree = "<group>"; };
		5CB10C6C148FA15F0025EBA3 /* CLResultRecipesController.xib */ = {isa = PBXFileReference; fileEncoding = 4; lastKnownFileType = file.xib; path = CLResultRecipesController.xib; sourceTree = "<group>"; };
/* End PBXFileReference section */

/* Begin PBXFrameworksBuildPhase section */
		3C34FF6014615502003D2644 /* Frameworks */ = {
			isa = PBXFrameworksBuildPhase;
			buildActionMask = 2147483647;
			files = (
				3CFEB3151461601A00DCD93D /* libz.1.2.5.dylib in Frameworks */,
				3CFEB31314615FE100DCD93D /* MobileCoreServices.framework in Frameworks */,
				3CFEB31114615FD700DCD93D /* SystemConfiguration.framework in Frameworks */,
				3CFEB30F14615FC600DCD93D /* CFNetwork.framework in Frameworks */,
				3C34FF6814615502003D2644 /* UIKit.framework in Frameworks */,
				3C34FF6A14615502003D2644 /* Foundation.framework in Frameworks */,
				3C34FF6C14615502003D2644 /* CoreGraphics.framework in Frameworks */,
				3C34FF6E14615502003D2644 /* CoreData.framework in Frameworks */,
			);
			runOnlyForDeploymentPostprocessing = 0;
		};
		3C34FF7F14615502003D2644 /* Frameworks */ = {
			isa = PBXFrameworksBuildPhase;
			buildActionMask = 2147483647;
			files = (
				3C34FF8514615502003D2644 /* SenTestingKit.framework in Frameworks */,
				3C34FF8614615502003D2644 /* UIKit.framework in Frameworks */,
				3C34FF8714615502003D2644 /* Foundation.framework in Frameworks */,
				3C34FF8814615502003D2644 /* CoreData.framework in Frameworks */,
			);
			runOnlyForDeploymentPostprocessing = 0;
		};
/* End PBXFrameworksBuildPhase section */

/* Begin PBXGroup section */
		3C26B1F1147D371800BE8BD6 /* CustomUI */ = {
			isa = PBXGroup;
			children = (
				3C26B1F2147D374000BE8BD6 /* CLNavigationBar.h */,
				3C26B1F3147D374000BE8BD6 /* CLNavigationBar.m */,
				3C26B1F5147D387E00BE8BD6 /* CLSearchBar.h */,
				3C26B1F6147D387E00BE8BD6 /* CLSearchBar.m */,
			);
			name = CustomUI;
			sourceTree = "<group>";
		};
		3C26B203147D4A0700BE8BD6 /* SelectIngredients */ = {
			isa = PBXGroup;
			children = (
				3C5EC445146ADFFE00E8970A /* CLMainViewController.h */,
				3C5EC446146ADFFE00E8970A /* CLMainViewController.m */,
				3C5EC447146ADFFE00E8970A /* CLMainViewController.xib */,
				3CF56D3A148A5FD500B3BBF1 /* CLSelectedIngredientsController.h */,
				3CF56D3B148A5FD500B3BBF1 /* CLSelectedIngredientsController.m */,
				3CF56D3C148A5FD500B3BBF1 /* CLSelectedIngredientsController.xib */,
				3C26B204147D4A3100BE8BD6 /* CLIngredientCell.h */,
				3C26B205147D4A3100BE8BD6 /* CLIngredientCell.m */,
				3C26B209147D4A6300BE8BD6 /* CLIngredientCell.xib */,
				3CF56D37148A443D00B3BBF1 /* CLDragViewDelegate.h */,
				3C2412E214882D1F00D41C3D /* CLDragView.h */,
				3C2412E314882D1F00D41C3D /* CLDragView.m */,
				3CF56D32148A41A600B3BBF1 /* CLDragView.xib */,
			);
			name = SelectIngredients;
			sourceTree = "<group>";
		};
		3C34FF5814615502003D2644 = {
			isa = PBXGroup;
			children = (
				3C34FF6F14615502003D2644 /* Cookielicious */,
				3C34FF8B14615502003D2644 /* CookieliciousTests */,
				3CFEAE7D14615DF300DCD93D /* Dependencies */,
				3C34FF6614615502003D2644 /* Frameworks */,
				3C34FF6414615502003D2644 /* Products */,
			);
			sourceTree = "<group>";
		};
		3C34FF6414615502003D2644 /* Products */ = {
			isa = PBXGroup;
			children = (
				3C34FF6314615502003D2644 /* Cookielicious.app */,
				3C34FF8314615502003D2644 /* CookieliciousTests.octest */,
			);
			name = Products;
			sourceTree = "<group>";
		};
		3C34FF6614615502003D2644 /* Frameworks */ = {
			isa = PBXGroup;
			children = (
				3CFEB31214615FE100DCD93D /* MobileCoreServices.framework */,
				3CFEB31014615FD700DCD93D /* SystemConfiguration.framework */,
				3CFEB30E14615FC600DCD93D /* CFNetwork.framework */,
				3CFEB3141461601A00DCD93D /* libz.1.2.5.dylib */,
				3C34FF6714615502003D2644 /* UIKit.framework */,
				3C34FF6914615502003D2644 /* Foundation.framework */,
				3C34FF6B14615502003D2644 /* CoreGraphics.framework */,
				3C34FF6D14615502003D2644 /* CoreData.framework */,
				3C34FF8414615502003D2644 /* SenTestingKit.framework */,
			);
			name = Frameworks;
			sourceTree = "<group>";
		};
		3C34FF6F14615502003D2644 /* Cookielicious */ = {
			isa = PBXGroup;
			children = (
				5C4642F9148F8FA600DCB11B /* ResultRecipes */,
				3C4AAC9D148120B700A906B8 /* Models */,
				3C26B203147D4A0700BE8BD6 /* SelectIngredients */,
				3C26B1F1147D371800BE8BD6 /* CustomUI */,
				3C34FF7814615502003D2644 /* CLAppDelegate.h */,
				3C34FF7914615502003D2644 /* CLAppDelegate.m */,
				3C26B1E8147D315B00BE8BD6 /* CLMainWindow.xib */,
				3C34FF7B14615502003D2644 /* Cookielicious.xcdatamodeld */,
				3C34FF7014615502003D2644 /* Supporting Files */,
			);
			path = Cookielicious;
			sourceTree = "<group>";
		};
		3C34FF7014615502003D2644 /* Supporting Files */ = {
			isa = PBXGroup;
			children = (
				3CC9CA1C148D6A2D00F99EF2 /* cuttingboard.png */,
				3CC9CA19148D648200F99EF2 /* icon_checkmark.png */,
				3CF56D38148A457F00B3BBF1 /* icon_bag.png */,
				3CF56D35148A428400B3BBF1 /* icon_cancel.png */,
				3C26B216147D6B4000BE8BD6 /* pattern_wood.png */,
				3C26B201147D46F400BE8BD6 /* pattern_navigationbar.png */,
				3C34FF7114615502003D2644 /* Cookielicious-Info.plist */,
				3C34FF7214615502003D2644 /* InfoPlist.strings */,
				3C34FF7514615502003D2644 /* main.m */,
				3C34FF7714615502003D2644 /* Cookielicious-Prefix.pch */,
			);
			name = "Supporting Files";
			sourceTree = "<group>";
		};
		3C34FF8B14615502003D2644 /* CookieliciousTests */ = {
			isa = PBXGroup;
			children = (
				3C34FF9114615502003D2644 /* CookieliciousTests.h */,
				3C34FF9214615502003D2644 /* CookieliciousTests.m */,
				3C34FF8C14615502003D2644 /* Supporting Files */,
			);
			path = CookieliciousTests;
			sourceTree = "<group>";
		};
		3C34FF8C14615502003D2644 /* Supporting Files */ = {
			isa = PBXGroup;
			children = (
				3C34FF8D14615502003D2644 /* CookieliciousTests-Info.plist */,
				3C34FF8E14615502003D2644 /* InfoPlist.strings */,
			);
			name = "Supporting Files";
			sourceTree = "<group>";
		};
		3C4AAC9D148120B700A906B8 /* Models */ = {
			isa = PBXGroup;
			children = (
				3CC4DF941487DA5500DD83BB /* CLIngredient.h */,
				3CC4DF951487DA5500DD83BB /* CLIngredient.m */,
			);
			name = Models;
			sourceTree = "<group>";
		};
		3CFEAE7D14615DF300DCD93D /* Dependencies */ = {
			isa = PBXGroup;
			children = (
				3CFEB2E814615F7400DCD93D /* SBJSON */,
				3CFEB27014615F4E00DCD93D /* ASIHTTP */,
			);
			name = Dependencies;
			sourceTree = "<group>";
		};
		3CFEB27014615F4E00DCD93D /* ASIHTTP */ = {
			isa = PBXGroup;
			children = (
				3CFEB3161461625B00DCD93D /* Reachability.h */,
				3CFEB3171461625B00DCD93D /* Reachability.m */,
				3CFEB27114615F4E00DCD93D /* ASIAuthenticationDialog.h */,
				3CFEB27214615F4E00DCD93D /* ASIAuthenticationDialog.m */,
				3CFEB27314615F4E00DCD93D /* ASICacheDelegate.h */,
				3CFEB27414615F4E00DCD93D /* ASIDataCompressor.h */,
				3CFEB27514615F4E00DCD93D /* ASIDataCompressor.m */,
				3CFEB27614615F4E00DCD93D /* ASIDataDecompressor.h */,
				3CFEB27714615F4E00DCD93D /* ASIDataDecompressor.m */,
				3CFEB27814615F4E00DCD93D /* ASIDownloadCache.h */,
				3CFEB27914615F4E00DCD93D /* ASIDownloadCache.m */,
				3CFEB27A14615F4E00DCD93D /* ASIFormDataRequest.h */,
				3CFEB27B14615F4E00DCD93D /* ASIFormDataRequest.m */,
				3CFEB27C14615F4E00DCD93D /* ASIHTTPRequest.h */,
				3CFEB27D14615F4E00DCD93D /* ASIHTTPRequest.m */,
				3CFEB27E14615F4E00DCD93D /* ASIHTTPRequestConfig.h */,
				3CFEB27F14615F4E00DCD93D /* ASIHTTPRequestDelegate.h */,
				3CFEB28014615F4E00DCD93D /* ASIInputStream.h */,
				3CFEB28114615F4E00DCD93D /* ASIInputStream.m */,
				3CFEB28214615F4E00DCD93D /* ASINetworkQueue.h */,
				3CFEB28314615F4E00DCD93D /* ASINetworkQueue.m */,
				3CFEB28414615F4E00DCD93D /* ASIProgressDelegate.h */,
			);
			path = ASIHTTP;
			sourceTree = "<group>";
		};
		3CFEB2E814615F7400DCD93D /* SBJSON */ = {
			isa = PBXGroup;
			children = (
				3CFEB2E914615F7400DCD93D /* NSObject+SBJson.h */,
				3CFEB2EA14615F7400DCD93D /* NSObject+SBJson.m */,
				3CFEB2EB14615F7400DCD93D /* SBJson.h */,
				3CFEB2EC14615F7400DCD93D /* SBJsonParser.h */,
				3CFEB2ED14615F7400DCD93D /* SBJsonParser.m */,
				3CFEB2EE14615F7400DCD93D /* SBJsonStreamParser.h */,
				3CFEB2EF14615F7400DCD93D /* SBJsonStreamParser.m */,
				3CFEB2F014615F7400DCD93D /* SBJsonStreamParserAccumulator.h */,
				3CFEB2F114615F7400DCD93D /* SBJsonStreamParserAccumulator.m */,
				3CFEB2F214615F7400DCD93D /* SBJsonStreamParserAdapter.h */,
				3CFEB2F314615F7400DCD93D /* SBJsonStreamParserAdapter.m */,
				3CFEB2F414615F7400DCD93D /* SBJsonStreamParserState.h */,
				3CFEB2F514615F7400DCD93D /* SBJsonStreamParserState.m */,
				3CFEB2F614615F7400DCD93D /* SBJsonStreamWriter.h */,
				3CFEB2F714615F7400DCD93D /* SBJsonStreamWriter.m */,
				3CFEB2F814615F7400DCD93D /* SBJsonStreamWriterAccumulator.h */,
				3CFEB2F914615F7400DCD93D /* SBJsonStreamWriterAccumulator.m */,
				3CFEB2FA14615F7400DCD93D /* SBJsonStreamWriterState.h */,
				3CFEB2FB14615F7400DCD93D /* SBJsonStreamWriterState.m */,
				3CFEB2FC14615F7400DCD93D /* SBJsonTokeniser.h */,
				3CFEB2FD14615F7400DCD93D /* SBJsonTokeniser.m */,
				3CFEB2FE14615F7400DCD93D /* SBJsonUTF8Stream.h */,
				3CFEB2FF14615F7400DCD93D /* SBJsonUTF8Stream.m */,
				3CFEB30014615F7400DCD93D /* SBJsonWriter.h */,
				3CFEB30114615F7400DCD93D /* SBJsonWriter.m */,
			);
			path = SBJSON;
			sourceTree = "<group>";
		};
		5C4642F9148F8FA600DCB11B /* ResultRecipes */ = {
			isa = PBXGroup;
			children = (
				5CB10C6A148FA15F0025EBA3 /* CLResultRecipesController.h */,
				5CB10C6B148FA15F0025EBA3 /* CLResultRecipesController.m */,
				5CB10C6C148FA15F0025EBA3 /* CLResultRecipesController.xib */,
			);
			name = ResultRecipes;
			sourceTree = "<group>";
		};
/* End PBXGroup section */

/* Begin PBXNativeTarget section */
		3C34FF6214615502003D2644 /* Cookielicious */ = {
			isa = PBXNativeTarget;
			buildConfigurationList = 3C34FF9614615502003D2644 /* Build configuration list for PBXNativeTarget "Cookielicious" */;
			buildPhases = (
				3C34FF5F14615502003D2644 /* Sources */,
				3C34FF6014615502003D2644 /* Frameworks */,
				3C34FF6114615502003D2644 /* Resources */,
			);
			buildRules = (
			);
			dependencies = (
			);
			name = Cookielicious;
			productName = Cookielicious;
			productReference = 3C34FF6314615502003D2644 /* Cookielicious.app */;
			productType = "com.apple.product-type.application";
		};
		3C34FF8214615502003D2644 /* CookieliciousTests */ = {
			isa = PBXNativeTarget;
			buildConfigurationList = 3C34FF9914615502003D2644 /* Build configuration list for PBXNativeTarget "CookieliciousTests" */;
			buildPhases = (
				3C34FF7E14615502003D2644 /* Sources */,
				3C34FF7F14615502003D2644 /* Frameworks */,
				3C34FF8014615502003D2644 /* Resources */,
				3C34FF8114615502003D2644 /* ShellScript */,
			);
			buildRules = (
			);
			dependencies = (
				3C34FF8A14615502003D2644 /* PBXTargetDependency */,
			);
			name = CookieliciousTests;
			productName = CookieliciousTests;
			productReference = 3C34FF8314615502003D2644 /* CookieliciousTests.octest */;
			productType = "com.apple.product-type.bundle";
		};
/* End PBXNativeTarget section */

/* Begin PBXProject section */
		3C34FF5A14615502003D2644 /* Project object */ = {
			isa = PBXProject;
			attributes = {
				LastUpgradeCheck = 0420;
				ORGANIZATIONNAME = cookcrowd;
			};
			buildConfigurationList = 3C34FF5D14615502003D2644 /* Build configuration list for PBXProject "Cookielicious" */;
			compatibilityVersion = "Xcode 3.2";
			developmentRegion = English;
			hasScannedForEncodings = 0;
			knownRegions = (
				en,
				English,
			);
			mainGroup = 3C34FF5814615502003D2644;
			productRefGroup = 3C34FF6414615502003D2644 /* Products */;
			projectDirPath = "";
			projectRoot = "";
			targets = (
				3C34FF6214615502003D2644 /* Cookielicious */,
				3C34FF8214615502003D2644 /* CookieliciousTests */,
			);
		};
/* End PBXProject section */

/* Begin PBXResourcesBuildPhase section */
		3C34FF6114615502003D2644 /* Resources */ = {
			isa = PBXResourcesBuildPhase;
			buildActionMask = 2147483647;
			files = (
				3C34FF7414615502003D2644 /* InfoPlist.strings in Resources */,
				3C5EC449146ADFFE00E8970A /* CLMainViewController.xib in Resources */,
				3C26B1E9147D315C00BE8BD6 /* CLMainWindow.xib in Resources */,
				3C26B202147D46F400BE8BD6 /* pattern_navigationbar.png in Resources */,
				3C26B20A147D4A6300BE8BD6 /* CLIngredientCell.xib in Resources */,
				3C26B217147D6B4000BE8BD6 /* pattern_wood.png in Resources */,
				3CF56D33148A41A600B3BBF1 /* CLDragView.xib in Resources */,
				3CF56D36148A428400B3BBF1 /* icon_cancel.png in Resources */,
				3CF56D39148A457F00B3BBF1 /* icon_bag.png in Resources */,
				3CF56D3E148A5FD600B3BBF1 /* CLSelectedIngredientsController.xib in Resources */,
				3CC9CA1A148D648200F99EF2 /* icon_checkmark.png in Resources */,
				3CC9CA1D148D6A2D00F99EF2 /* cuttingboard.png in Resources */,
				5CB10C6E148FA15F0025EBA3 /* CLResultRecipesController.xib in Resources */,
			);
			runOnlyForDeploymentPostprocessing = 0;
		};
		3C34FF8014615502003D2644 /* Resources */ = {
			isa = PBXResourcesBuildPhase;
			buildActionMask = 2147483647;
			files = (
				3C34FF9014615502003D2644 /* InfoPlist.strings in Resources */,
			);
			runOnlyForDeploymentPostprocessing = 0;
		};
/* End PBXResourcesBuildPhase section */

/* Begin PBXShellScriptBuildPhase section */
		3C34FF8114615502003D2644 /* ShellScript */ = {
			isa = PBXShellScriptBuildPhase;
			buildActionMask = 2147483647;
			files = (
			);
			inputPaths = (
			);
			outputPaths = (
			);
			runOnlyForDeploymentPostprocessing = 0;
			shellPath = /bin/sh;
			shellScript = "# Run the unit tests in this test bundle.\n\"${SYSTEM_DEVELOPER_DIR}/Tools/RunUnitTests\"\n";
		};
/* End PBXShellScriptBuildPhase section */

/* Begin PBXSourcesBuildPhase section */
		3C34FF5F14615502003D2644 /* Sources */ = {
			isa = PBXSourcesBuildPhase;
			buildActionMask = 2147483647;
			files = (
				3C34FF7614615502003D2644 /* main.m in Sources */,
				3C34FF7A14615502003D2644 /* CLAppDelegate.m in Sources */,
				3C34FF7D14615502003D2644 /* Cookielicious.xcdatamodeld in Sources */,
				3CFEB2C314615F4F00DCD93D /* ASIAuthenticationDialog.m in Sources */,
				3CFEB2C414615F4F00DCD93D /* ASIDataCompressor.m in Sources */,
				3CFEB2C514615F4F00DCD93D /* ASIDataDecompressor.m in Sources */,
				3CFEB2C614615F4F00DCD93D /* ASIDownloadCache.m in Sources */,
				3CFEB2C714615F4F00DCD93D /* ASIFormDataRequest.m in Sources */,
				3CFEB2C814615F4F00DCD93D /* ASIHTTPRequest.m in Sources */,
				3CFEB2C914615F4F00DCD93D /* ASIInputStream.m in Sources */,
				3CFEB2CA14615F4F00DCD93D /* ASINetworkQueue.m in Sources */,
				3CFEB30214615F7400DCD93D /* NSObject+SBJson.m in Sources */,
				3CFEB30314615F7400DCD93D /* SBJsonParser.m in Sources */,
				3CFEB30414615F7400DCD93D /* SBJsonStreamParser.m in Sources */,
				3CFEB30514615F7400DCD93D /* SBJsonStreamParserAccumulator.m in Sources */,
				3CFEB30614615F7400DCD93D /* SBJsonStreamParserAdapter.m in Sources */,
				3CFEB30714615F7400DCD93D /* SBJsonStreamParserState.m in Sources */,
				3CFEB30814615F7400DCD93D /* SBJsonStreamWriter.m in Sources */,
				3CFEB30914615F7400DCD93D /* SBJsonStreamWriterAccumulator.m in Sources */,
				3CFEB30A14615F7400DCD93D /* SBJsonStreamWriterState.m in Sources */,
				3CFEB30B14615F7400DCD93D /* SBJsonTokeniser.m in Sources */,
				3CFEB30C14615F7400DCD93D /* SBJsonUTF8Stream.m in Sources */,
				3CFEB30D14615F7400DCD93D /* SBJsonWriter.m in Sources */,
				3CFEB3181461625B00DCD93D /* Reachability.m in Sources */,
				3C5EC448146ADFFE00E8970A /* CLMainViewController.m in Sources */,
				3C26B1F4147D374000BE8BD6 /* CLNavigationBar.m in Sources */,
				3C26B1F7147D387E00BE8BD6 /* CLSearchBar.m in Sources */,
				3C26B206147D4A3100BE8BD6 /* CLIngredientCell.m in Sources */,
				3CC4DF961487DA5500DD83BB /* CLIngredient.m in Sources */,
				3C2412E414882D1F00D41C3D /* CLDragView.m in Sources */,
				3CF56D3D148A5FD600B3BBF1 /* CLSelectedIngredientsController.m in Sources */,
				5CB10C6D148FA15F0025EBA3 /* CLResultRecipesController.m in Sources */,
			);
			runOnlyForDeploymentPostprocessing = 0;
		};
		3C34FF7E14615502003D2644 /* Sources */ = {
			isa = PBXSourcesBuildPhase;
			buildActionMask = 2147483647;
			files = (
				3C34FF9314615502003D2644 /* CookieliciousTests.m in Sources */,
			);
			runOnlyForDeploymentPostprocessing = 0;
		};
/* End PBXSourcesBuildPhase section */

/* Begin PBXTargetDependency section */
		3C34FF8A14615502003D2644 /* PBXTargetDependency */ = {
			isa = PBXTargetDependency;
			target = 3C34FF6214615502003D2644 /* Cookielicious */;
			targetProxy = 3C34FF8914615502003D2644 /* PBXContainerItemProxy */;
		};
/* End PBXTargetDependency section */

/* Begin PBXVariantGroup section */
		3C34FF7214615502003D2644 /* InfoPlist.strings */ = {
			isa = PBXVariantGroup;
			children = (
				3C34FF7314615502003D2644 /* en */,
			);
			name = InfoPlist.strings;
			sourceTree = "<group>";
		};
		3C34FF8E14615502003D2644 /* InfoPlist.strings */ = {
			isa = PBXVariantGroup;
			children = (
				3C34FF8F14615502003D2644 /* en */,
			);
			name = InfoPlist.strings;
			sourceTree = "<group>";
		};
/* End PBXVariantGroup section */

/* Begin XCBuildConfiguration section */
		3C34FF9414615502003D2644 /* Debug */ = {
			isa = XCBuildConfiguration;
			buildSettings = {
				ALWAYS_SEARCH_USER_PATHS = NO;
				ARCHS = "$(ARCHS_STANDARD_32_BIT)";
				CLANG_ENABLE_OBJC_ARC = YES;
				"CODE_SIGN_IDENTITY[sdk=iphoneos*]" = "iPhone Developer";
				COPY_PHASE_STRIP = NO;
				GCC_C_LANGUAGE_STANDARD = gnu99;
				GCC_DYNAMIC_NO_PIC = NO;
				GCC_OPTIMIZATION_LEVEL = 0;
				GCC_PREPROCESSOR_DEFINITIONS = (
					"DEBUG=1",
					"$(inherited)",
				);
				GCC_SYMBOLS_PRIVATE_EXTERN = NO;
				GCC_VERSION = com.apple.compilers.llvm.clang.1_0;
				GCC_WARN_ABOUT_MISSING_PROTOTYPES = YES;
				GCC_WARN_ABOUT_RETURN_TYPE = YES;
				GCC_WARN_UNUSED_VARIABLE = YES;
				IPHONEOS_DEPLOYMENT_TARGET = 4.3;
				SDKROOT = iphoneos;
				TARGETED_DEVICE_FAMILY = 2;
			};
			name = Debug;
		};
		3C34FF9514615502003D2644 /* Release */ = {
			isa = XCBuildConfiguration;
			buildSettings = {
				ALWAYS_SEARCH_USER_PATHS = NO;
				ARCHS = "$(ARCHS_STANDARD_32_BIT)";
				CLANG_ENABLE_OBJC_ARC = YES;
				"CODE_SIGN_IDENTITY[sdk=iphoneos*]" = "iPhone Developer";
				COPY_PHASE_STRIP = YES;
				GCC_C_LANGUAGE_STANDARD = gnu99;
				GCC_VERSION = com.apple.compilers.llvm.clang.1_0;
				GCC_WARN_ABOUT_MISSING_PROTOTYPES = YES;
				GCC_WARN_ABOUT_RETURN_TYPE = YES;
				GCC_WARN_UNUSED_VARIABLE = YES;
				IPHONEOS_DEPLOYMENT_TARGET = 4.3;
				OTHER_CFLAGS = "-DNS_BLOCK_ASSERTIONS=1";
				SDKROOT = iphoneos;
				TARGETED_DEVICE_FAMILY = 2;
				VALIDATE_PRODUCT = YES;
			};
			name = Release;
		};
		3C34FF9714615502003D2644 /* Debug */ = {
			isa = XCBuildConfiguration;
			buildSettings = {
				GCC_PRECOMPILE_PREFIX_HEADER = YES;
				GCC_PREFIX_HEADER = "Cookielicious/Cookielicious-Prefix.pch";
				INFOPLIST_FILE = "Cookielicious/Cookielicious-Info.plist";
				PRODUCT_NAME = "$(TARGET_NAME)";
				WRAPPER_EXTENSION = app;
			};
			name = Debug;
		};
		3C34FF9814615502003D2644 /* Release */ = {
			isa = XCBuildConfiguration;
			buildSettings = {
				GCC_PRECOMPILE_PREFIX_HEADER = YES;
				GCC_PREFIX_HEADER = "Cookielicious/Cookielicious-Prefix.pch";
				INFOPLIST_FILE = "Cookielicious/Cookielicious-Info.plist";
				PRODUCT_NAME = "$(TARGET_NAME)";
				WRAPPER_EXTENSION = app;
			};
			name = Release;
		};
		3C34FF9A14615502003D2644 /* Debug */ = {
			isa = XCBuildConfiguration;
			buildSettings = {
				BUNDLE_LOADER = "$(BUILT_PRODUCTS_DIR)/Cookielicious.app/Cookielicious";
				FRAMEWORK_SEARCH_PATHS = (
					"$(SDKROOT)/Developer/Library/Frameworks",
					"$(DEVELOPER_LIBRARY_DIR)/Frameworks",
				);
				GCC_PRECOMPILE_PREFIX_HEADER = YES;
				GCC_PREFIX_HEADER = "Cookielicious/Cookielicious-Prefix.pch";
				INFOPLIST_FILE = "CookieliciousTests/CookieliciousTests-Info.plist";
				PRODUCT_NAME = "$(TARGET_NAME)";
				TEST_HOST = "$(BUNDLE_LOADER)";
				WRAPPER_EXTENSION = octest;
			};
			name = Debug;
		};
		3C34FF9B14615502003D2644 /* Release */ = {
			isa = XCBuildConfiguration;
			buildSettings = {
				BUNDLE_LOADER = "$(BUILT_PRODUCTS_DIR)/Cookielicious.app/Cookielicious";
				FRAMEWORK_SEARCH_PATHS = (
					"$(SDKROOT)/Developer/Library/Frameworks",
					"$(DEVELOPER_LIBRARY_DIR)/Frameworks",
				);
				GCC_PRECOMPILE_PREFIX_HEADER = YES;
				GCC_PREFIX_HEADER = "Cookielicious/Cookielicious-Prefix.pch";
				INFOPLIST_FILE = "CookieliciousTests/CookieliciousTests-Info.plist";
				PRODUCT_NAME = "$(TARGET_NAME)";
				TEST_HOST = "$(BUNDLE_LOADER)";
				WRAPPER_EXTENSION = octest;
			};
			name = Release;
		};
/* End XCBuildConfiguration section */

/* Begin XCConfigurationList section */
		3C34FF5D14615502003D2644 /* Build configuration list for PBXProject "Cookielicious" */ = {
			isa = XCConfigurationList;
			buildConfigurations = (
				3C34FF9414615502003D2644 /* Debug */,
				3C34FF9514615502003D2644 /* Release */,
			);
			defaultConfigurationIsVisible = 0;
			defaultConfigurationName = Release;
		};
		3C34FF9614615502003D2644 /* Build configuration list for PBXNativeTarget "Cookielicious" */ = {
			isa = XCConfigurationList;
			buildConfigurations = (
				3C34FF9714615502003D2644 /* Debug */,
				3C34FF9814615502003D2644 /* Release */,
			);
			defaultConfigurationIsVisible = 0;
			defaultConfigurationName = Release;
		};
		3C34FF9914615502003D2644 /* Build configuration list for PBXNativeTarget "CookieliciousTests" */ = {
			isa = XCConfigurationList;
			buildConfigurations = (
				3C34FF9A14615502003D2644 /* Debug */,
				3C34FF9B14615502003D2644 /* Release */,
			);
			defaultConfigurationIsVisible = 0;
			defaultConfigurationName = Release;
		};
/* End XCConfigurationList section */

/* Begin XCVersionGroup section */
		3C34FF7B14615502003D2644 /* Cookielicious.xcdatamodeld */ = {
			isa = XCVersionGroup;
			children = (
				3C34FF7C14615502003D2644 /* Cookielicious.xcdatamodel */,
			);
			currentVersion = 3C34FF7C14615502003D2644 /* Cookielicious.xcdatamodel */;
			path = Cookielicious.xcdatamodeld;
			sourceTree = "<group>";
			versionGroupType = wrapper.xcdatamodel;
		};
/* End XCVersionGroup section */
	};
	rootObject = 3C34FF5A14615502003D2644 /* Project object */;
}
